
Microsoft Visual Studio Solution File, Format Version 12.00
# Visual Studio Version 17
VisualStudioVersion = 17.4.33213.308
MinimumVisualStudioVersion = 10.0.40219.1
Project("{FAE04EC0-301F-11D3-BF4B-00C04F79EFBC}") = "StockAccountManagement", "StockAccountManagement\StockAccountManagement.csproj", "{5E611E42-7656-426C-B049-2ED8BD0037F7}"
EndProject
Global
	GlobalSection(SolutionConfigurationPlatforms) = preSolution
		Debug|Any CPU = Debug|Any CPU
		Release|Any CPU = Release|Any CPU
	EndGlobalSection
	GlobalSection(ProjectConfigurationPlatforms) = postSolution
		{5E611E42-7656-426C-B049-2ED8BD0037F7}.Debug|Any CPU.ActiveCfg = Debug|Any CPU
		{5E611E42-7656-426C-B049-2ED8BD0037F7}.Debug|Any CPU.Build.0 = Debug|Any CPU
		{5E611E42-7656-426C-B049-2ED8BD0037F7}.Release|Any CPU.ActiveCfg = Release|Any CPU
		{5E611E42-7656-426C-B049-2ED8BD0037F7}.Release|Any CPU.Build.0 = Release|Any CPU
	EndGlobalSection
	GlobalSection(SolutionProperties) = preSolution
		HideSolutionNode = FALSE
	EndGlobalSection
	GlobalSection(ExtensibilityGlobals) = postSolution
		SolutionGuid = {0B5CD0A9-F7F5-4F10-942C-5D35DE804291}
	EndGlobalSection
EndGlobal
